
Microsoft Visual Studio Solution File, Format Version 12.00
# Visual Studio 15
VisualStudioVersion = 15.0.26124.0
MinimumVisualStudioVersion = 15.0.26124.0
Project("{FAE04EC0-301F-11D3-BF4B-00C04F79EFBC}") = "R5T.Viborg.Chrome.Construction", "R5T.Viborg.Chrome.Construction\R5T.Viborg.Chrome.Construction.csproj", "{56E14ACA-F6BE-4703-B8BD-EA559D2D8953}"
EndProject
Project("{FAE04EC0-301F-11D3-BF4B-00C04F79EFBC}") = "R5T.Viborg.Chrome", "R5T.Viborg.Chrome\R5T.Viborg.Chrome.csproj", "{F8C227CC-2F8B-4620-989C-40A66955B2D1}"
EndProject
Project("{FAE04EC0-301F-11D3-BF4B-00C04F79EFBC}") = "R5T.Viborg.Chrome.Testing", "R5T.Viborg.Chrome.Testing\R5T.Viborg.Chrome.Testing.csproj", "{906E8AAD-1D53-4632-92F8-3029B0D511DA}"
EndProject
Global
	GlobalSection(SolutionConfigurationPlatforms) = preSolution
		Debug|Any CPU = Debug|Any CPU
		Debug|x64 = Debug|x64
		Debug|x86 = Debug|x86
		Release|Any CPU = Release|Any CPU
		Release|x64 = Release|x64
		Release|x86 = Release|x86
	EndGlobalSection
	GlobalSection(SolutionProperties) = preSolution
		HideSolutionNode = FALSE
	EndGlobalSection
	GlobalSection(ProjectConfigurationPlatforms) = postSolution
		{56E14ACA-F6BE-4703-B8BD-EA559D2D8953}.Debug|Any CPU.ActiveCfg = Debug|Any CPU
		{56E14ACA-F6BE-4703-B8BD-EA559D2D8953}.Debug|Any CPU.Build.0 = Debug|Any CPU
		{56E14ACA-F6BE-4703-B8BD-EA559D2D8953}.Debug|x64.ActiveCfg = Debug|Any CPU
		{56E14ACA-F6BE-4703-B8BD-EA559D2D8953}.Debug|x64.Build.0 = Debug|Any CPU
		{56E14ACA-F6BE-4703-B8BD-EA559D2D8953}.Debug|x86.ActiveCfg = Debug|Any CPU
		{56E14ACA-F6BE-4703-B8BD-EA559D2D8953}.Debug|x86.Build.0 = Debug|Any CPU
		{56E14ACA-F6BE-4703-B8BD-EA559D2D8953}.Release|Any CPU.ActiveCfg = Release|Any CPU
		{56E14ACA-F6BE-4703-B8BD-EA559D2D8953}.Release|Any CPU.Build.0 = Release|Any CPU
		{56E14ACA-F6BE-4703-B8BD-EA559D2D8953}.Release|x64.ActiveCfg = Release|Any CPU
		{56E14ACA-F6BE-4703-B8BD-EA559D2D8953}.Release|x64.Build.0 = Release|Any CPU
		{56E14ACA-F6BE-4703-B8BD-EA559D2D8953}.Release|x86.ActiveCfg = Release|Any CPU
		{56E14ACA-F6BE-4703-B8BD-EA559D2D8953}.Release|x86.Build.0 = Release|Any CPU
		{F8C227CC-2F8B-4620-989C-40A66955B2D1}.Debug|Any CPU.ActiveCfg = Debug|Any CPU
		{F8C227CC-2F8B-4620-989C-40A66955B2D1}.Debug|Any CPU.Build.0 = Debug|Any CPU
		{F8C227CC-2F8B-4620-989C-40A66955B2D1}.Debug|x64.ActiveCfg = Debug|Any CPU
		{F8C227CC-2F8B-4620-989C-40A66955B2D1}.Debug|x64.Build.0 = Debug|Any CPU
		{F8C227CC-2F8B-4620-989C-40A66955B2D1}.Debug|x86.ActiveCfg = Debug|Any CPU
		{F8C227CC-2F8B-4620-989C-40A66955B2D1}.Debug|x86.Build.0 = Debug|Any CPU
		{F8C227CC-2F8B-4620-989C-40A66955B2D1}.Release|Any CPU.ActiveCfg = Release|Any CPU
		{F8C227CC-2F8B-4620-989C-40A66955B2D1}.Release|Any CPU.Build.0 = Release|Any CPU
		{F8C227CC-2F8B-4620-989C-40A66955B2D1}.Release|x64.ActiveCfg = Release|Any CPU
		{F8C227CC-2F8B-4620-989C-40A66955B2D1}.Release|x64.Build.0 = Release|Any CPU
		{F8C227CC-2F8B-4620-989C-40A66955B2D1}.Release|x86.ActiveCfg = Release|Any CPU
		{F8C227CC-2F8B-4620-989C-40A66955B2D1}.Release|x86.Build.0 = Release|Any CPU
		{906E8AAD-1D53-4632-92F8-3029B0D511DA}.Debug|Any CPU.ActiveCfg = Debug|Any CPU
		{906E8AAD-1D53-4632-92F8-3029B0D511DA}.Debug|Any CPU.Build.0 = Debug|Any CPU
		{906E8AAD-1D53-4632-92F8-3029B0D511DA}.Debug|x64.ActiveCfg = Debug|Any CPU
		{906E8AAD-1D53-4632-92F8-3029B0D511DA}.Debug|x64.Build.0 = Debug|Any CPU
		{906E8AAD-1D53-4632-92F8-3029B0D511DA}.Debug|x86.ActiveCfg = Debug|Any CPU
		{906E8AAD-1D53-4632-92F8-3029B0D511DA}.Debug|x86.Build.0 = Debug|Any CPU
		{906E8AAD-1D53-4632-92F8-3029B0D511DA}.Release|Any CPU.ActiveCfg = Release|Any CPU
		{906E8AAD-1D53-4632-92F8-3029B0D511DA}.Release|Any CPU.Build.0 = Release|Any CPU
		{906E8AAD-1D53-4632-92F8-3029B0D511DA}.Release|x64.ActiveCfg = Release|Any CPU
		{906E8AAD-1D53-4632-92F8-3029B0D511DA}.Release|x64.Build.0 = Release|Any CPU
		{906E8AAD-1D53-4632-92F8-3029B0D511DA}.Release|x86.ActiveCfg = Release|Any CPU
		{906E8AAD-1D53-4632-92F8-3029B0D511DA}.Release|x86.Build.0 = Release|Any CPU
	EndGlobalSection
EndGlobal
