
Microsoft Visual Studio Solution File, Format Version 12.00
# Visual Studio Version 16
VisualStudioVersion = 16.0.30114.105
MinimumVisualStudioVersion = 10.0.40219.1
Project("{FAE04EC0-301F-11D3-BF4B-00C04F79EFBC}") = "R5T.Viborg.Chrome", "R5T.Viborg.Chrome\R5T.Viborg.Chrome.csproj", "{1FB0EDEA-402A-4C63-B94C-F878B1D08ACD}"
EndProject
Project("{FAE04EC0-301F-11D3-BF4B-00C04F79EFBC}") = "R5T.Viborg.Chrome.Construction", "R5T.Viborg.Chrome.Construction\R5T.Viborg.Chrome.Construction.csproj", "{3DB1EDCF-10CC-463B-A7BD-84F9687A026A}"
EndProject
Project("{FAE04EC0-301F-11D3-BF4B-00C04F79EFBC}") = "R5T.Viborg.Chrome.Testing", "R5T.Viborg.Chrome.Testing\R5T.Viborg.Chrome.Testing.csproj", "{C3CF9A55-185A-4832-A466-C3B8B928E45A}"
EndProject
Global
	GlobalSection(SolutionConfigurationPlatforms) = preSolution
		Debug|Any CPU = Debug|Any CPU
		Debug|x64 = Debug|x64
		Debug|x86 = Debug|x86
		Release|Any CPU = Release|Any CPU
		Release|x64 = Release|x64
		Release|x86 = Release|x86
	EndGlobalSection
	GlobalSection(SolutionProperties) = preSolution
		HideSolutionNode = FALSE
	EndGlobalSection
	GlobalSection(ProjectConfigurationPlatforms) = postSolution
		{1FB0EDEA-402A-4C63-B94C-F878B1D08ACD}.Debug|Any CPU.ActiveCfg = Debug|Any CPU
		{1FB0EDEA-402A-4C63-B94C-F878B1D08ACD}.Debug|Any CPU.Build.0 = Debug|Any CPU
		{1FB0EDEA-402A-4C63-B94C-F878B1D08ACD}.Debug|x64.ActiveCfg = Debug|Any CPU
		{1FB0EDEA-402A-4C63-B94C-F878B1D08ACD}.Debug|x64.Build.0 = Debug|Any CPU
		{1FB0EDEA-402A-4C63-B94C-F878B1D08ACD}.Debug|x86.ActiveCfg = Debug|Any CPU
		{1FB0EDEA-402A-4C63-B94C-F878B1D08ACD}.Debug|x86.Build.0 = Debug|Any CPU
		{1FB0EDEA-402A-4C63-B94C-F878B1D08ACD}.Release|Any CPU.ActiveCfg = Release|Any CPU
		{1FB0EDEA-402A-4C63-B94C-F878B1D08ACD}.Release|Any CPU.Build.0 = Release|Any CPU
		{1FB0EDEA-402A-4C63-B94C-F878B1D08ACD}.Release|x64.ActiveCfg = Release|Any CPU
		{1FB0EDEA-402A-4C63-B94C-F878B1D08ACD}.Release|x64.Build.0 = Release|Any CPU
		{1FB0EDEA-402A-4C63-B94C-F878B1D08ACD}.Release|x86.ActiveCfg = Release|Any CPU
		{1FB0EDEA-402A-4C63-B94C-F878B1D08ACD}.Release|x86.Build.0 = Release|Any CPU
		{3DB1EDCF-10CC-463B-A7BD-84F9687A026A}.Debug|Any CPU.ActiveCfg = Debug|Any CPU
		{3DB1EDCF-10CC-463B-A7BD-84F9687A026A}.Debug|Any CPU.Build.0 = Debug|Any CPU
		{3DB1EDCF-10CC-463B-A7BD-84F9687A026A}.Debug|x64.ActiveCfg = Debug|Any CPU
		{3DB1EDCF-10CC-463B-A7BD-84F9687A026A}.Debug|x64.Build.0 = Debug|Any CPU
		{3DB1EDCF-10CC-463B-A7BD-84F9687A026A}.Debug|x86.ActiveCfg = Debug|Any CPU
		{3DB1EDCF-10CC-463B-A7BD-84F9687A026A}.Debug|x86.Build.0 = Debug|Any CPU
		{3DB1EDCF-10CC-463B-A7BD-84F9687A026A}.Release|Any CPU.ActiveCfg = Release|Any CPU
		{3DB1EDCF-10CC-463B-A7BD-84F9687A026A}.Release|Any CPU.Build.0 = Release|Any CPU
		{3DB1EDCF-10CC-463B-A7BD-84F9687A026A}.Release|x64.ActiveCfg = Release|Any CPU
		{3DB1EDCF-10CC-463B-A7BD-84F9687A026A}.Release|x64.Build.0 = Release|Any CPU
		{3DB1EDCF-10CC-463B-A7BD-84F9687A026A}.Release|x86.ActiveCfg = Release|Any CPU
		{3DB1EDCF-10CC-463B-A7BD-84F9687A026A}.Release|x86.Build.0 = Release|Any CPU
		{C3CF9A55-185A-4832-A466-C3B8B928E45A}.Debug|Any CPU.ActiveCfg = Debug|Any CPU
		{C3CF9A55-185A-4832-A466-C3B8B928E45A}.Debug|Any CPU.Build.0 = Debug|Any CPU
		{C3CF9A55-185A-4832-A466-C3B8B928E45A}.Debug|x64.ActiveCfg = Debug|Any CPU
		{C3CF9A55-185A-4832-A466-C3B8B928E45A}.Debug|x64.Build.0 = Debug|Any CPU
		{C3CF9A55-185A-4832-A466-C3B8B928E45A}.Debug|x86.ActiveCfg = Debug|Any CPU
		{C3CF9A55-185A-4832-A466-C3B8B928E45A}.Debug|x86.Build.0 = Debug|Any CPU
		{C3CF9A55-185A-4832-A466-C3B8B928E45A}.Release|Any CPU.ActiveCfg = Release|Any CPU
		{C3CF9A55-185A-4832-A466-C3B8B928E45A}.Release|Any CPU.Build.0 = Release|Any CPU
		{C3CF9A55-185A-4832-A466-C3B8B928E45A}.Release|x64.ActiveCfg = Release|Any CPU
		{C3CF9A55-185A-4832-A466-C3B8B928E45A}.Release|x64.Build.0 = Release|Any CPU
		{C3CF9A55-185A-4832-A466-C3B8B928E45A}.Release|x86.ActiveCfg = Release|Any CPU
		{C3CF9A55-185A-4832-A466-C3B8B928E45A}.Release|x86.Build.0 = Release|Any CPU
	EndGlobalSection
EndGlobal
