
Microsoft Visual Studio Solution File, Format Version 12.00
# Visual Studio 15
VisualStudioVersion = 15.0.26124.0
MinimumVisualStudioVersion = 15.0.26124.0
Project("{9A19103F-16F7-4668-BE54-9A1E7A4F7556}") = "R5T.Viborg.Chrome.Construction", "R5T.Viborg.Chrome.Construction\R5T.Viborg.Chrome.Construction.csproj", "{56E14ACA-F6BE-4703-B8BD-EA559D2D8953}"
EndProject
Project("{9A19103F-16F7-4668-BE54-9A1E7A4F7556}") = "R5T.Viborg.Chrome", "R5T.Viborg.Chrome\R5T.Viborg.Chrome.csproj", "{F8C227CC-2F8B-4620-989C-40A66955B2D1}"
EndProject
Project("{9A19103F-16F7-4668-BE54-9A1E7A4F7556}") = "R5T.Viborg.Chrome.Testing", "R5T.Viborg.Chrome.Testing\R5T.Viborg.Chrome.Testing.csproj", "{906E8AAD-1D53-4632-92F8-3029B0D511DA}"
EndProject
Project("{2150E333-8FDC-42A3-9474-1A3956D46DE8}") = "_Dependencies", "_Dependencies", "{9D0A550C-34B7-46AA-888D-B74BE96A7295}"
EndProject
Project("{9A19103F-16F7-4668-BE54-9A1E7A4F7556}") = "R5T.Viborg.Base", "..\..\R5T.Viborg.Base\source\R5T.Viborg.Base\R5T.Viborg.Base.csproj", "{D7662F35-502A-4321-B386-845BC637BF3A}"
EndProject
Project("{9A19103F-16F7-4668-BE54-9A1E7A4F7556}") = "R5T.Rhodes", "..\..\R5T.Rhodes\source\R5T.Rhodes\R5T.Rhodes.csproj", "{7058721D-ECE0-41F8-ABA4-BFE92DF6126D}"
EndProject
Project("{9A19103F-16F7-4668-BE54-9A1E7A4F7556}") = "R5T.Chamavia", "..\..\R5T.Chamavia\source\R5T.Chamavia\R5T.Chamavia.csproj", "{DAF39CCF-BA39-48C5-9DA5-30D89B5C6310}"
EndProject
Project("{9A19103F-16F7-4668-BE54-9A1E7A4F7556}") = "R5T.T0064", "..\..\R5T.T0064\source\R5T.T0064\R5T.T0064.csproj", "{764FBBC0-95F6-4A33-ABED-E3E457ABBB6F}"
EndProject
Project("{9A19103F-16F7-4668-BE54-9A1E7A4F7556}") = "R5T.T0062.X001", "..\..\R5T.T0062\source\R5T.T0062.X001\R5T.T0062.X001.csproj", "{2FCD394F-2923-43B7-9EB8-5EFCC554D41C}"
EndProject
Project("{9A19103F-16F7-4668-BE54-9A1E7A4F7556}") = "R5T.T0063", "..\..\R5T.T0063\source\R5T.T0063\R5T.T0063.csproj", "{8CAAD4A8-FEC7-47AB-B1E9-8C7772EDC447}"
EndProject
Project("{9A19103F-16F7-4668-BE54-9A1E7A4F7556}") = "R5T.L0013", "..\..\R5T.L0013\source\R5T.L0013\R5T.L0013.csproj", "{B7326318-CE5B-49DA-85CB-939B2DCDAB05}"
EndProject
Project("{9A19103F-16F7-4668-BE54-9A1E7A4F7556}") = "R5T.T0062", "..\..\R5T.T0062\source\R5T.T0062\R5T.T0062.csproj", "{5E9041F2-81FC-46EE-A2A7-A76C6EDEADE4}"
EndProject
Project("{9A19103F-16F7-4668-BE54-9A1E7A4F7556}") = "R5T.T0039.T002", "..\..\R5T.T0039\source\R5T.T0039.T002\R5T.T0039.T002.csproj", "{9F0E55CF-21EF-49B7-9476-EBC3ECF2A850}"
EndProject
Global
	GlobalSection(SolutionConfigurationPlatforms) = preSolution
		Debug|Any CPU = Debug|Any CPU
		Debug|x64 = Debug|x64
		Debug|x86 = Debug|x86
		Release|Any CPU = Release|Any CPU
		Release|x64 = Release|x64
		Release|x86 = Release|x86
	EndGlobalSection
	GlobalSection(ProjectConfigurationPlatforms) = postSolution
		{56E14ACA-F6BE-4703-B8BD-EA559D2D8953}.Debug|Any CPU.ActiveCfg = Debug|Any CPU
		{56E14ACA-F6BE-4703-B8BD-EA559D2D8953}.Debug|Any CPU.Build.0 = Debug|Any CPU
		{56E14ACA-F6BE-4703-B8BD-EA559D2D8953}.Debug|x64.ActiveCfg = Debug|Any CPU
		{56E14ACA-F6BE-4703-B8BD-EA559D2D8953}.Debug|x64.Build.0 = Debug|Any CPU
		{56E14ACA-F6BE-4703-B8BD-EA559D2D8953}.Debug|x86.ActiveCfg = Debug|Any CPU
		{56E14ACA-F6BE-4703-B8BD-EA559D2D8953}.Debug|x86.Build.0 = Debug|Any CPU
		{56E14ACA-F6BE-4703-B8BD-EA559D2D8953}.Release|Any CPU.ActiveCfg = Release|Any CPU
		{56E14ACA-F6BE-4703-B8BD-EA559D2D8953}.Release|Any CPU.Build.0 = Release|Any CPU
		{56E14ACA-F6BE-4703-B8BD-EA559D2D8953}.Release|x64.ActiveCfg = Release|Any CPU
		{56E14ACA-F6BE-4703-B8BD-EA559D2D8953}.Release|x64.Build.0 = Release|Any CPU
		{56E14ACA-F6BE-4703-B8BD-EA559D2D8953}.Release|x86.ActiveCfg = Release|Any CPU
		{56E14ACA-F6BE-4703-B8BD-EA559D2D8953}.Release|x86.Build.0 = Release|Any CPU
		{F8C227CC-2F8B-4620-989C-40A66955B2D1}.Debug|Any CPU.ActiveCfg = Debug|Any CPU
		{F8C227CC-2F8B-4620-989C-40A66955B2D1}.Debug|Any CPU.Build.0 = Debug|Any CPU
		{F8C227CC-2F8B-4620-989C-40A66955B2D1}.Debug|x64.ActiveCfg = Debug|Any CPU
		{F8C227CC-2F8B-4620-989C-40A66955B2D1}.Debug|x64.Build.0 = Debug|Any CPU
		{F8C227CC-2F8B-4620-989C-40A66955B2D1}.Debug|x86.ActiveCfg = Debug|Any CPU
		{F8C227CC-2F8B-4620-989C-40A66955B2D1}.Debug|x86.Build.0 = Debug|Any CPU
		{F8C227CC-2F8B-4620-989C-40A66955B2D1}.Release|Any CPU.ActiveCfg = Release|Any CPU
		{F8C227CC-2F8B-4620-989C-40A66955B2D1}.Release|Any CPU.Build.0 = Release|Any CPU
		{F8C227CC-2F8B-4620-989C-40A66955B2D1}.Release|x64.ActiveCfg = Release|Any CPU
		{F8C227CC-2F8B-4620-989C-40A66955B2D1}.Release|x64.Build.0 = Release|Any CPU
		{F8C227CC-2F8B-4620-989C-40A66955B2D1}.Release|x86.ActiveCfg = Release|Any CPU
		{F8C227CC-2F8B-4620-989C-40A66955B2D1}.Release|x86.Build.0 = Release|Any CPU
		{906E8AAD-1D53-4632-92F8-3029B0D511DA}.Debug|Any CPU.ActiveCfg = Debug|Any CPU
		{906E8AAD-1D53-4632-92F8-3029B0D511DA}.Debug|Any CPU.Build.0 = Debug|Any CPU
		{906E8AAD-1D53-4632-92F8-3029B0D511DA}.Debug|x64.ActiveCfg = Debug|Any CPU
		{906E8AAD-1D53-4632-92F8-3029B0D511DA}.Debug|x64.Build.0 = Debug|Any CPU
		{906E8AAD-1D53-4632-92F8-3029B0D511DA}.Debug|x86.ActiveCfg = Debug|Any CPU
		{906E8AAD-1D53-4632-92F8-3029B0D511DA}.Debug|x86.Build.0 = Debug|Any CPU
		{906E8AAD-1D53-4632-92F8-3029B0D511DA}.Release|Any CPU.ActiveCfg = Release|Any CPU
		{906E8AAD-1D53-4632-92F8-3029B0D511DA}.Release|Any CPU.Build.0 = Release|Any CPU
		{906E8AAD-1D53-4632-92F8-3029B0D511DA}.Release|x64.ActiveCfg = Release|Any CPU
		{906E8AAD-1D53-4632-92F8-3029B0D511DA}.Release|x64.Build.0 = Release|Any CPU
		{906E8AAD-1D53-4632-92F8-3029B0D511DA}.Release|x86.ActiveCfg = Release|Any CPU
		{906E8AAD-1D53-4632-92F8-3029B0D511DA}.Release|x86.Build.0 = Release|Any CPU
		{D7662F35-502A-4321-B386-845BC637BF3A}.Debug|Any CPU.ActiveCfg = Debug|Any CPU
		{D7662F35-502A-4321-B386-845BC637BF3A}.Debug|Any CPU.Build.0 = Debug|Any CPU
		{D7662F35-502A-4321-B386-845BC637BF3A}.Debug|x64.ActiveCfg = Debug|Any CPU
		{D7662F35-502A-4321-B386-845BC637BF3A}.Debug|x64.Build.0 = Debug|Any CPU
		{D7662F35-502A-4321-B386-845BC637BF3A}.Debug|x86.ActiveCfg = Debug|Any CPU
		{D7662F35-502A-4321-B386-845BC637BF3A}.Debug|x86.Build.0 = Debug|Any CPU
		{D7662F35-502A-4321-B386-845BC637BF3A}.Release|Any CPU.ActiveCfg = Release|Any CPU
		{D7662F35-502A-4321-B386-845BC637BF3A}.Release|Any CPU.Build.0 = Release|Any CPU
		{D7662F35-502A-4321-B386-845BC637BF3A}.Release|x64.ActiveCfg = Release|Any CPU
		{D7662F35-502A-4321-B386-845BC637BF3A}.Release|x64.Build.0 = Release|Any CPU
		{D7662F35-502A-4321-B386-845BC637BF3A}.Release|x86.ActiveCfg = Release|Any CPU
		{D7662F35-502A-4321-B386-845BC637BF3A}.Release|x86.Build.0 = Release|Any CPU
		{7058721D-ECE0-41F8-ABA4-BFE92DF6126D}.Debug|Any CPU.ActiveCfg = Debug|Any CPU
		{7058721D-ECE0-41F8-ABA4-BFE92DF6126D}.Debug|Any CPU.Build.0 = Debug|Any CPU
		{7058721D-ECE0-41F8-ABA4-BFE92DF6126D}.Debug|x64.ActiveCfg = Debug|Any CPU
		{7058721D-ECE0-41F8-ABA4-BFE92DF6126D}.Debug|x64.Build.0 = Debug|Any CPU
		{7058721D-ECE0-41F8-ABA4-BFE92DF6126D}.Debug|x86.ActiveCfg = Debug|Any CPU
		{7058721D-ECE0-41F8-ABA4-BFE92DF6126D}.Debug|x86.Build.0 = Debug|Any CPU
		{7058721D-ECE0-41F8-ABA4-BFE92DF6126D}.Release|Any CPU.ActiveCfg = Release|Any CPU
		{7058721D-ECE0-41F8-ABA4-BFE92DF6126D}.Release|Any CPU.Build.0 = Release|Any CPU
		{7058721D-ECE0-41F8-ABA4-BFE92DF6126D}.Release|x64.ActiveCfg = Release|Any CPU
		{7058721D-ECE0-41F8-ABA4-BFE92DF6126D}.Release|x64.Build.0 = Release|Any CPU
		{7058721D-ECE0-41F8-ABA4-BFE92DF6126D}.Release|x86.ActiveCfg = Release|Any CPU
		{7058721D-ECE0-41F8-ABA4-BFE92DF6126D}.Release|x86.Build.0 = Release|Any CPU
		{DAF39CCF-BA39-48C5-9DA5-30D89B5C6310}.Debug|Any CPU.ActiveCfg = Debug|Any CPU
		{DAF39CCF-BA39-48C5-9DA5-30D89B5C6310}.Debug|Any CPU.Build.0 = Debug|Any CPU
		{DAF39CCF-BA39-48C5-9DA5-30D89B5C6310}.Debug|x64.ActiveCfg = Debug|Any CPU
		{DAF39CCF-BA39-48C5-9DA5-30D89B5C6310}.Debug|x64.Build.0 = Debug|Any CPU
		{DAF39CCF-BA39-48C5-9DA5-30D89B5C6310}.Debug|x86.ActiveCfg = Debug|Any CPU
		{DAF39CCF-BA39-48C5-9DA5-30D89B5C6310}.Debug|x86.Build.0 = Debug|Any CPU
		{DAF39CCF-BA39-48C5-9DA5-30D89B5C6310}.Release|Any CPU.ActiveCfg = Release|Any CPU
		{DAF39CCF-BA39-48C5-9DA5-30D89B5C6310}.Release|Any CPU.Build.0 = Release|Any CPU
		{DAF39CCF-BA39-48C5-9DA5-30D89B5C6310}.Release|x64.ActiveCfg = Release|Any CPU
		{DAF39CCF-BA39-48C5-9DA5-30D89B5C6310}.Release|x64.Build.0 = Release|Any CPU
		{DAF39CCF-BA39-48C5-9DA5-30D89B5C6310}.Release|x86.ActiveCfg = Release|Any CPU
		{DAF39CCF-BA39-48C5-9DA5-30D89B5C6310}.Release|x86.Build.0 = Release|Any CPU
		{764FBBC0-95F6-4A33-ABED-E3E457ABBB6F}.Debug|Any CPU.ActiveCfg = Debug|Any CPU
		{764FBBC0-95F6-4A33-ABED-E3E457ABBB6F}.Debug|Any CPU.Build.0 = Debug|Any CPU
		{764FBBC0-95F6-4A33-ABED-E3E457ABBB6F}.Debug|x64.ActiveCfg = Debug|Any CPU
		{764FBBC0-95F6-4A33-ABED-E3E457ABBB6F}.Debug|x64.Build.0 = Debug|Any CPU
		{764FBBC0-95F6-4A33-ABED-E3E457ABBB6F}.Debug|x86.ActiveCfg = Debug|Any CPU
		{764FBBC0-95F6-4A33-ABED-E3E457ABBB6F}.Debug|x86.Build.0 = Debug|Any CPU
		{764FBBC0-95F6-4A33-ABED-E3E457ABBB6F}.Release|Any CPU.ActiveCfg = Release|Any CPU
		{764FBBC0-95F6-4A33-ABED-E3E457ABBB6F}.Release|Any CPU.Build.0 = Release|Any CPU
		{764FBBC0-95F6-4A33-ABED-E3E457ABBB6F}.Release|x64.ActiveCfg = Release|Any CPU
		{764FBBC0-95F6-4A33-ABED-E3E457ABBB6F}.Release|x64.Build.0 = Release|Any CPU
		{764FBBC0-95F6-4A33-ABED-E3E457ABBB6F}.Release|x86.ActiveCfg = Release|Any CPU
		{764FBBC0-95F6-4A33-ABED-E3E457ABBB6F}.Release|x86.Build.0 = Release|Any CPU
		{2FCD394F-2923-43B7-9EB8-5EFCC554D41C}.Debug|Any CPU.ActiveCfg = Debug|Any CPU
		{2FCD394F-2923-43B7-9EB8-5EFCC554D41C}.Debug|Any CPU.Build.0 = Debug|Any CPU
		{2FCD394F-2923-43B7-9EB8-5EFCC554D41C}.Debug|x64.ActiveCfg = Debug|Any CPU
		{2FCD394F-2923-43B7-9EB8-5EFCC554D41C}.Debug|x64.Build.0 = Debug|Any CPU
		{2FCD394F-2923-43B7-9EB8-5EFCC554D41C}.Debug|x86.ActiveCfg = Debug|Any CPU
		{2FCD394F-2923-43B7-9EB8-5EFCC554D41C}.Debug|x86.Build.0 = Debug|Any CPU
		{2FCD394F-2923-43B7-9EB8-5EFCC554D41C}.Release|Any CPU.ActiveCfg = Release|Any CPU
		{2FCD394F-2923-43B7-9EB8-5EFCC554D41C}.Release|Any CPU.Build.0 = Release|Any CPU
		{2FCD394F-2923-43B7-9EB8-5EFCC554D41C}.Release|x64.ActiveCfg = Release|Any CPU
		{2FCD394F-2923-43B7-9EB8-5EFCC554D41C}.Release|x64.Build.0 = Release|Any CPU
		{2FCD394F-2923-43B7-9EB8-5EFCC554D41C}.Release|x86.ActiveCfg = Release|Any CPU
		{2FCD394F-2923-43B7-9EB8-5EFCC554D41C}.Release|x86.Build.0 = Release|Any CPU
		{8CAAD4A8-FEC7-47AB-B1E9-8C7772EDC447}.Debug|Any CPU.ActiveCfg = Debug|Any CPU
		{8CAAD4A8-FEC7-47AB-B1E9-8C7772EDC447}.Debug|Any CPU.Build.0 = Debug|Any CPU
		{8CAAD4A8-FEC7-47AB-B1E9-8C7772EDC447}.Debug|x64.ActiveCfg = Debug|Any CPU
		{8CAAD4A8-FEC7-47AB-B1E9-8C7772EDC447}.Debug|x64.Build.0 = Debug|Any CPU
		{8CAAD4A8-FEC7-47AB-B1E9-8C7772EDC447}.Debug|x86.ActiveCfg = Debug|Any CPU
		{8CAAD4A8-FEC7-47AB-B1E9-8C7772EDC447}.Debug|x86.Build.0 = Debug|Any CPU
		{8CAAD4A8-FEC7-47AB-B1E9-8C7772EDC447}.Release|Any CPU.ActiveCfg = Release|Any CPU
		{8CAAD4A8-FEC7-47AB-B1E9-8C7772EDC447}.Release|Any CPU.Build.0 = Release|Any CPU
		{8CAAD4A8-FEC7-47AB-B1E9-8C7772EDC447}.Release|x64.ActiveCfg = Release|Any CPU
		{8CAAD4A8-FEC7-47AB-B1E9-8C7772EDC447}.Release|x64.Build.0 = Release|Any CPU
		{8CAAD4A8-FEC7-47AB-B1E9-8C7772EDC447}.Release|x86.ActiveCfg = Release|Any CPU
		{8CAAD4A8-FEC7-47AB-B1E9-8C7772EDC447}.Release|x86.Build.0 = Release|Any CPU
		{B7326318-CE5B-49DA-85CB-939B2DCDAB05}.Debug|Any CPU.ActiveCfg = Debug|Any CPU
		{B7326318-CE5B-49DA-85CB-939B2DCDAB05}.Debug|Any CPU.Build.0 = Debug|Any CPU
		{B7326318-CE5B-49DA-85CB-939B2DCDAB05}.Debug|x64.ActiveCfg = Debug|Any CPU
		{B7326318-CE5B-49DA-85CB-939B2DCDAB05}.Debug|x64.Build.0 = Debug|Any CPU
		{B7326318-CE5B-49DA-85CB-939B2DCDAB05}.Debug|x86.ActiveCfg = Debug|Any CPU
		{B7326318-CE5B-49DA-85CB-939B2DCDAB05}.Debug|x86.Build.0 = Debug|Any CPU
		{B7326318-CE5B-49DA-85CB-939B2DCDAB05}.Release|Any CPU.ActiveCfg = Release|Any CPU
		{B7326318-CE5B-49DA-85CB-939B2DCDAB05}.Release|Any CPU.Build.0 = Release|Any CPU
		{B7326318-CE5B-49DA-85CB-939B2DCDAB05}.Release|x64.ActiveCfg = Release|Any CPU
		{B7326318-CE5B-49DA-85CB-939B2DCDAB05}.Release|x64.Build.0 = Release|Any CPU
		{B7326318-CE5B-49DA-85CB-939B2DCDAB05}.Release|x86.ActiveCfg = Release|Any CPU
		{B7326318-CE5B-49DA-85CB-939B2DCDAB05}.Release|x86.Build.0 = Release|Any CPU
		{5E9041F2-81FC-46EE-A2A7-A76C6EDEADE4}.Debug|Any CPU.ActiveCfg = Debug|Any CPU
		{5E9041F2-81FC-46EE-A2A7-A76C6EDEADE4}.Debug|Any CPU.Build.0 = Debug|Any CPU
		{5E9041F2-81FC-46EE-A2A7-A76C6EDEADE4}.Debug|x64.ActiveCfg = Debug|Any CPU
		{5E9041F2-81FC-46EE-A2A7-A76C6EDEADE4}.Debug|x64.Build.0 = Debug|Any CPU
		{5E9041F2-81FC-46EE-A2A7-A76C6EDEADE4}.Debug|x86.ActiveCfg = Debug|Any CPU
		{5E9041F2-81FC-46EE-A2A7-A76C6EDEADE4}.Debug|x86.Build.0 = Debug|Any CPU
		{5E9041F2-81FC-46EE-A2A7-A76C6EDEADE4}.Release|Any CPU.ActiveCfg = Release|Any CPU
		{5E9041F2-81FC-46EE-A2A7-A76C6EDEADE4}.Release|Any CPU.Build.0 = Release|Any CPU
		{5E9041F2-81FC-46EE-A2A7-A76C6EDEADE4}.Release|x64.ActiveCfg = Release|Any CPU
		{5E9041F2-81FC-46EE-A2A7-A76C6EDEADE4}.Release|x64.Build.0 = Release|Any CPU
		{5E9041F2-81FC-46EE-A2A7-A76C6EDEADE4}.Release|x86.ActiveCfg = Release|Any CPU
		{5E9041F2-81FC-46EE-A2A7-A76C6EDEADE4}.Release|x86.Build.0 = Release|Any CPU
		{9F0E55CF-21EF-49B7-9476-EBC3ECF2A850}.Debug|Any CPU.ActiveCfg = Debug|Any CPU
		{9F0E55CF-21EF-49B7-9476-EBC3ECF2A850}.Debug|Any CPU.Build.0 = Debug|Any CPU
		{9F0E55CF-21EF-49B7-9476-EBC3ECF2A850}.Debug|x64.ActiveCfg = Debug|Any CPU
		{9F0E55CF-21EF-49B7-9476-EBC3ECF2A850}.Debug|x64.Build.0 = Debug|Any CPU
		{9F0E55CF-21EF-49B7-9476-EBC3ECF2A850}.Debug|x86.ActiveCfg = Debug|Any CPU
		{9F0E55CF-21EF-49B7-9476-EBC3ECF2A850}.Debug|x86.Build.0 = Debug|Any CPU
		{9F0E55CF-21EF-49B7-9476-EBC3ECF2A850}.Release|Any CPU.ActiveCfg = Release|Any CPU
		{9F0E55CF-21EF-49B7-9476-EBC3ECF2A850}.Release|Any CPU.Build.0 = Release|Any CPU
		{9F0E55CF-21EF-49B7-9476-EBC3ECF2A850}.Release|x64.ActiveCfg = Release|Any CPU
		{9F0E55CF-21EF-49B7-9476-EBC3ECF2A850}.Release|x64.Build.0 = Release|Any CPU
		{9F0E55CF-21EF-49B7-9476-EBC3ECF2A850}.Release|x86.ActiveCfg = Release|Any CPU
		{9F0E55CF-21EF-49B7-9476-EBC3ECF2A850}.Release|x86.Build.0 = Release|Any CPU
	EndGlobalSection
	GlobalSection(SolutionProperties) = preSolution
		HideSolutionNode = FALSE
	EndGlobalSection
	GlobalSection(NestedProjects) = preSolution
		{D7662F35-502A-4321-B386-845BC637BF3A} = {9D0A550C-34B7-46AA-888D-B74BE96A7295}
		{7058721D-ECE0-41F8-ABA4-BFE92DF6126D} = {9D0A550C-34B7-46AA-888D-B74BE96A7295}
		{DAF39CCF-BA39-48C5-9DA5-30D89B5C6310} = {9D0A550C-34B7-46AA-888D-B74BE96A7295}
		{764FBBC0-95F6-4A33-ABED-E3E457ABBB6F} = {9D0A550C-34B7-46AA-888D-B74BE96A7295}
		{2FCD394F-2923-43B7-9EB8-5EFCC554D41C} = {9D0A550C-34B7-46AA-888D-B74BE96A7295}
		{8CAAD4A8-FEC7-47AB-B1E9-8C7772EDC447} = {9D0A550C-34B7-46AA-888D-B74BE96A7295}
		{B7326318-CE5B-49DA-85CB-939B2DCDAB05} = {9D0A550C-34B7-46AA-888D-B74BE96A7295}
		{5E9041F2-81FC-46EE-A2A7-A76C6EDEADE4} = {9D0A550C-34B7-46AA-888D-B74BE96A7295}
		{9F0E55CF-21EF-49B7-9476-EBC3ECF2A850} = {9D0A550C-34B7-46AA-888D-B74BE96A7295}
	EndGlobalSection
	GlobalSection(ExtensibilityGlobals) = postSolution
		SolutionGuid = {F8FBC1AD-409B-4857-AD91-F78B04BD42F3}
	EndGlobalSection
EndGlobal
